
Microsoft Visual Studio Solution File, Format Version 12.00
Project("{2150E333-8FDC-42A3-9474-1A3956D46DE8}") = "Backend", "Backend", "{BDB897BD-D45F-4BD5-B711-CAFDF83B7F89}"
EndProject
Project("{2150E333-8FDC-42A3-9474-1A3956D46DE8}") = "Api", "Api", "{00A32338-74E6-403E-81A5-912053A3CFE3}"
EndProject
Project("{2150E333-8FDC-42A3-9474-1A3956D46DE8}") = "Modules", "Modules", "{296B6B2D-4DAC-475F-94E3-E954790B175E}"
EndProject
Project("{FAE04EC0-301F-11D3-BF4B-00C04F79EFBC}") = "Erpi.Api", "Erpi.Api\Erpi.Api.csproj", "{2E05FCB0-FBCC-4596-8456-631908D9524E}"
EndProject
Project("{2150E333-8FDC-42A3-9474-1A3956D46DE8}") = "Trucks", "Trucks", "{A5272D2D-CED1-4F9E-9E32-E50146F23C8C}"
EndProject
Project("{FAE04EC0-301F-11D3-BF4B-00C04F79EFBC}") = "Erpi.Trucks.Domain", "Erpi.Trucks.Domain\Erpi.Trucks.Domain.csproj", "{B6E581D7-4993-4ED4-92D1-493C2E8A362B}"
EndProject
Project("{FAE04EC0-301F-11D3-BF4B-00C04F79EFBC}") = "Erpi.Trucks.Application", "Erpi.Trucks.Application\Erpi.Trucks.Application.csproj", "{A3CD7B76-E9DE-4EB8-A96A-5F4B9956E751}"
EndProject
Project("{FAE04EC0-301F-11D3-BF4B-00C04F79EFBC}") = "Erpi.Trucks.Infrastructure", "Erpi.Trucks.Infrastructure\Erpi.Trucks.Infrastructure.csproj", "{0A925990-5BB4-4898-89FD-53F682094B18}"
EndProject
Project("{2150E333-8FDC-42A3-9474-1A3956D46DE8}") = "BuildingBlocks", "BuildingBlocks", "{C71BFE1A-6CD3-478A-B6AF-3BFF636788C9}"
EndProject
Project("{FAE04EC0-301F-11D3-BF4B-00C04F79EFBC}") = "Erpi.BuildingBlocks.Application", "Erpi.BuildingBlocks.Application\Erpi.BuildingBlocks.Application.csproj", "{B8F63DED-7F16-4949-9AE6-F9B575D5AAE8}"
EndProject
Project("{FAE04EC0-301F-11D3-BF4B-00C04F79EFBC}") = "Erpi.BuildingBlocks.Domain", "Erpi.BuildingBlocks.Domain\Erpi.BuildingBlocks.Domain.csproj", "{9660ACE3-6E3A-4C81-B959-83978D19835B}"
EndProject
Project("{FAE04EC0-301F-11D3-BF4B-00C04F79EFBC}") = "Erpi.BuildingBlocks.Infrastructure", "Erpi.BuildingBlocks.Infrastructure\Erpi.BuildingBlocks.Infrastructure.csproj", "{C2C2C5AC-206A-4F1B-AFC7-77470CAF7369}"
EndProject
Global
	GlobalSection(SolutionConfigurationPlatforms) = preSolution
		Debug|Any CPU = Debug|Any CPU
		Release|Any CPU = Release|Any CPU
	EndGlobalSection
	GlobalSection(NestedProjects) = preSolution
		{00A32338-74E6-403E-81A5-912053A3CFE3} = {BDB897BD-D45F-4BD5-B711-CAFDF83B7F89}
		{296B6B2D-4DAC-475F-94E3-E954790B175E} = {BDB897BD-D45F-4BD5-B711-CAFDF83B7F89}
		{2E05FCB0-FBCC-4596-8456-631908D9524E} = {00A32338-74E6-403E-81A5-912053A3CFE3}
		{A5272D2D-CED1-4F9E-9E32-E50146F23C8C} = {296B6B2D-4DAC-475F-94E3-E954790B175E}
		{B6E581D7-4993-4ED4-92D1-493C2E8A362B} = {A5272D2D-CED1-4F9E-9E32-E50146F23C8C}
		{A3CD7B76-E9DE-4EB8-A96A-5F4B9956E751} = {A5272D2D-CED1-4F9E-9E32-E50146F23C8C}
		{0A925990-5BB4-4898-89FD-53F682094B18} = {A5272D2D-CED1-4F9E-9E32-E50146F23C8C}
		{C71BFE1A-6CD3-478A-B6AF-3BFF636788C9} = {BDB897BD-D45F-4BD5-B711-CAFDF83B7F89}
		{B8F63DED-7F16-4949-9AE6-F9B575D5AAE8} = {C71BFE1A-6CD3-478A-B6AF-3BFF636788C9}
		{9660ACE3-6E3A-4C81-B959-83978D19835B} = {C71BFE1A-6CD3-478A-B6AF-3BFF636788C9}
		{C2C2C5AC-206A-4F1B-AFC7-77470CAF7369} = {C71BFE1A-6CD3-478A-B6AF-3BFF636788C9}
	EndGlobalSection
	GlobalSection(ProjectConfigurationPlatforms) = postSolution
		{2E05FCB0-FBCC-4596-8456-631908D9524E}.Debug|Any CPU.ActiveCfg = Debug|Any CPU
		{2E05FCB0-FBCC-4596-8456-631908D9524E}.Debug|Any CPU.Build.0 = Debug|Any CPU
		{2E05FCB0-FBCC-4596-8456-631908D9524E}.Release|Any CPU.ActiveCfg = Release|Any CPU
		{2E05FCB0-FBCC-4596-8456-631908D9524E}.Release|Any CPU.Build.0 = Release|Any CPU
		{B6E581D7-4993-4ED4-92D1-493C2E8A362B}.Debug|Any CPU.ActiveCfg = Debug|Any CPU
		{B6E581D7-4993-4ED4-92D1-493C2E8A362B}.Debug|Any CPU.Build.0 = Debug|Any CPU
		{B6E581D7-4993-4ED4-92D1-493C2E8A362B}.Release|Any CPU.ActiveCfg = Release|Any CPU
		{B6E581D7-4993-4ED4-92D1-493C2E8A362B}.Release|Any CPU.Build.0 = Release|Any CPU
		{A3CD7B76-E9DE-4EB8-A96A-5F4B9956E751}.Debug|Any CPU.ActiveCfg = Debug|Any CPU
		{A3CD7B76-E9DE-4EB8-A96A-5F4B9956E751}.Debug|Any CPU.Build.0 = Debug|Any CPU
		{A3CD7B76-E9DE-4EB8-A96A-5F4B9956E751}.Release|Any CPU.ActiveCfg = Release|Any CPU
		{A3CD7B76-E9DE-4EB8-A96A-5F4B9956E751}.Release|Any CPU.Build.0 = Release|Any CPU
		{0A925990-5BB4-4898-89FD-53F682094B18}.Debug|Any CPU.ActiveCfg = Debug|Any CPU
		{0A925990-5BB4-4898-89FD-53F682094B18}.Debug|Any CPU.Build.0 = Debug|Any CPU
		{0A925990-5BB4-4898-89FD-53F682094B18}.Release|Any CPU.ActiveCfg = Release|Any CPU
		{0A925990-5BB4-4898-89FD-53F682094B18}.Release|Any CPU.Build.0 = Release|Any CPU
		{B8F63DED-7F16-4949-9AE6-F9B575D5AAE8}.Debug|Any CPU.ActiveCfg = Debug|Any CPU
		{B8F63DED-7F16-4949-9AE6-F9B575D5AAE8}.Debug|Any CPU.Build.0 = Debug|Any CPU
		{B8F63DED-7F16-4949-9AE6-F9B575D5AAE8}.Release|Any CPU.ActiveCfg = Release|Any CPU
		{B8F63DED-7F16-4949-9AE6-F9B575D5AAE8}.Release|Any CPU.Build.0 = Release|Any CPU
		{9660ACE3-6E3A-4C81-B959-83978D19835B}.Debug|Any CPU.ActiveCfg = Debug|Any CPU
		{9660ACE3-6E3A-4C81-B959-83978D19835B}.Debug|Any CPU.Build.0 = Debug|Any CPU
		{9660ACE3-6E3A-4C81-B959-83978D19835B}.Release|Any CPU.ActiveCfg = Release|Any CPU
		{9660ACE3-6E3A-4C81-B959-83978D19835B}.Release|Any CPU.Build.0 = Release|Any CPU
		{C2C2C5AC-206A-4F1B-AFC7-77470CAF7369}.Debug|Any CPU.ActiveCfg = Debug|Any CPU
		{C2C2C5AC-206A-4F1B-AFC7-77470CAF7369}.Debug|Any CPU.Build.0 = Debug|Any CPU
		{C2C2C5AC-206A-4F1B-AFC7-77470CAF7369}.Release|Any CPU.ActiveCfg = Release|Any CPU
		{C2C2C5AC-206A-4F1B-AFC7-77470CAF7369}.Release|Any CPU.Build.0 = Release|Any CPU
	EndGlobalSection
EndGlobal
